
Microsoft Visual Studio Solution File, Format Version 12.00
# Visual Studio Version 17
VisualStudioVersion = 17.14.35906.104
MinimumVisualStudioVersion = 10.0.40219.1
Project("{FAE04EC0-301F-11D3-BF4B-00C04F79EFBC}") = "HcExcelAddIn", "ExcelAddIn\HcExcelAddIn.csproj", "{96A34FC1-9762-478D-8F04-1178B4EA93BD}"
EndProject
Project("{2150E333-8FDC-42A3-9474-1A3956D46DE8}") = "Solution Items", "Solution Items", "{02EA681E-C7D8-13C7-8484-4AC65E1B71E8}"
	ProjectSection(SolutionItems) = preProject
		.editorconfig = .editorconfig
		build.bat = build.bat
	EndProjectSection
EndProject
Project("{FAE04EC0-301F-11D3-BF4B-00C04F79EFBC}") = "Register", "Registration\Register.csproj", "{E07AF14A-3930-AC79-E0B1-8735F0A1E1AF}"
EndProject
Project("{FAE04EC0-301F-11D3-BF4B-00C04F79EFBC}") = "COMContract", "COMContract\COMContract.csproj", "{AEDA1DBB-1AC8-6DBC-82D2-4C04D6C0139A}"
EndProject
Global
	GlobalSection(SolutionConfigurationPlatforms) = preSolution
		Debug|x64 = Debug|x64
		Debug|x86 = Debug|x86
		Release|x64 = Release|x64
		Release|x86 = Release|x86
	EndGlobalSection
	GlobalSection(ProjectConfigurationPlatforms) = postSolution
		{96A34FC1-9762-478D-8F04-1178B4EA93BD}.Debug|x64.ActiveCfg = Debug|x64
		{96A34FC1-9762-478D-8F04-1178B4EA93BD}.Debug|x64.Build.0 = Debug|x64
		{96A34FC1-9762-478D-8F04-1178B4EA93BD}.Debug|x86.ActiveCfg = Debug|x86
		{96A34FC1-9762-478D-8F04-1178B4EA93BD}.Debug|x86.Build.0 = Debug|x86
		{96A34FC1-9762-478D-8F04-1178B4EA93BD}.Release|x64.ActiveCfg = Release|x64
		{96A34FC1-9762-478D-8F04-1178B4EA93BD}.Release|x64.Build.0 = Release|x64
		{96A34FC1-9762-478D-8F04-1178B4EA93BD}.Release|x86.ActiveCfg = Release|x86
		{96A34FC1-9762-478D-8F04-1178B4EA93BD}.Release|x86.Build.0 = Release|x86
		{E07AF14A-3930-AC79-E0B1-8735F0A1E1AF}.Debug|x64.ActiveCfg = Debug|x64
		{E07AF14A-3930-AC79-E0B1-8735F0A1E1AF}.Debug|x64.Build.0 = Debug|x64
		{E07AF14A-3930-AC79-E0B1-8735F0A1E1AF}.Debug|x86.ActiveCfg = Debug|x86
		{E07AF14A-3930-AC79-E0B1-8735F0A1E1AF}.Debug|x86.Build.0 = Debug|x86
		{E07AF14A-3930-AC79-E0B1-8735F0A1E1AF}.Release|x64.ActiveCfg = Release|x64
		{E07AF14A-3930-AC79-E0B1-8735F0A1E1AF}.Release|x64.Build.0 = Release|x64
		{E07AF14A-3930-AC79-E0B1-8735F0A1E1AF}.Release|x86.ActiveCfg = Release|x86
		{E07AF14A-3930-AC79-E0B1-8735F0A1E1AF}.Release|x86.Build.0 = Release|x86
		{AEDA1DBB-1AC8-6DBC-82D2-4C04D6C0139A}.Debug|x64.ActiveCfg = Debug|x64
		{AEDA1DBB-1AC8-6DBC-82D2-4C04D6C0139A}.Debug|x64.Build.0 = Debug|x64
		{AEDA1DBB-1AC8-6DBC-82D2-4C04D6C0139A}.Debug|x86.ActiveCfg = Debug|x86
		{AEDA1DBB-1AC8-6DBC-82D2-4C04D6C0139A}.Debug|x86.Build.0 = Debug|x86
		{AEDA1DBB-1AC8-6DBC-82D2-4C04D6C0139A}.Release|x64.ActiveCfg = Release|x64
		{AEDA1DBB-1AC8-6DBC-82D2-4C04D6C0139A}.Release|x64.Build.0 = Release|x64
		{AEDA1DBB-1AC8-6DBC-82D2-4C04D6C0139A}.Release|x86.ActiveCfg = Release|x86
		{AEDA1DBB-1AC8-6DBC-82D2-4C04D6C0139A}.Release|x86.Build.0 = Release|x86
	EndGlobalSection
	GlobalSection(SolutionProperties) = preSolution
		HideSolutionNode = FALSE
	EndGlobalSection
	GlobalSection(ExtensibilityGlobals) = postSolution
		SolutionGuid = {B5739727-17B7-4A12-AB02-28582A7302CA}
	EndGlobalSection
EndGlobal
